
Microsoft Visual Studio Solution File, Format Version 12.00
# Visual Studio Version 17
VisualStudioVersion = 17.3.32804.467
MinimumVisualStudioVersion = 10.0.40219.1
Project("{FAE04EC0-301F-11D3-BF4B-00C04F79EFBC}") = "TicTacToe", "TicTacToe\TicTacToe.csproj", "{6BBB0F45-E772-4268-A1E2-349A861388DE}"
EndProject
Global
	GlobalSection(SolutionConfigurationPlatforms) = preSolution
		Debug|Any CPU = Debug|Any CPU
		Release|Any CPU = Release|Any CPU
	EndGlobalSection
	GlobalSection(ProjectConfigurationPlatforms) = postSolution
		{6BBB0F45-E772-4268-A1E2-349A861388DE}.Debug|Any CPU.ActiveCfg = Debug|Any CPU
		{6BBB0F45-E772-4268-A1E2-349A861388DE}.Debug|Any CPU.Build.0 = Debug|Any CPU
		{6BBB0F45-E772-4268-A1E2-349A861388DE}.Release|Any CPU.ActiveCfg = Release|Any CPU
		{6BBB0F45-E772-4268-A1E2-349A861388DE}.Release|Any CPU.Build.0 = Release|Any CPU
	EndGlobalSection
	GlobalSection(SolutionProperties) = preSolution
		HideSolutionNode = FALSE
	EndGlobalSection
	GlobalSection(ExtensibilityGlobals) = postSolution
		SolutionGuid = {ED6E1A34-3089-4EBB-B5F2-24E33F9CD567}
	EndGlobalSection
EndGlobal
